# This file was autogenerated by Stack.
# You should not edit this file by hand.
# For more information, please see the documentation at:
#   https://docs.haskellstack.org/en/stable/lock_files

packages:
- completed:
    hackage: waterfall-cad-0.5.0.1@sha256:2e2f141845d163aba8e26d57aa1b308ef7041714aa74e971b4da5b027ab9cd0f,2395
    pantry-tree:
      sha256: 09b696ecf054bd5844fcccc325b5a3ed6eca8883a3a2fc8234eb9fdfc7601554
      size: 2386
  original:
    hackage: waterfall-cad-0.5.0.1
- completed:
    hackage: waterfall-cad-svg-0.5.0.1@sha256:04292c27ee3a30d8a726b28b6ebb58a9e79d3993f8d9cff763e544866f981372,1648
    pantry-tree:
      sha256: 9e10a5a52ae5bb8416585d1b0e8ef7207f52ee48ebdc6fcf9e14268238422f50
      size: 459
  original:
    hackage: waterfall-cad-svg-0.5.0.1
- completed:
    hackage: opencascade-hs-0.5.0.1@sha256:c711dcf4a8d9573043f9701c3610009b1026f848cd62f62f202edb92b8089e0c,15489
    pantry-tree:
      sha256: 677cceb5f3a3bbe7dbff8e6fe2f71949b0ecfa5c96a8b057dcb079c9da3dea47
      size: 28645
  original:
    hackage: opencascade-hs-0.5.0.1
snapshots:
- completed:
    sha256: 925e1bf884fd7a1ed2bfca9a041bed96fba51be6148cfa9fc4a590e218c2e483
    size: 683820
    url: https://raw.githubusercontent.com/commercialhaskell/stackage-snapshots/master/lts/23/16.yaml
  original:
    url: https://raw.githubusercontent.com/commercialhaskell/stackage-snapshots/master/lts/23/16.yaml
