# This file was autogenerated by Stack.
# You should not edit this file by hand.
# For more information, please see the documentation at:
#   https://docs.haskellstack.org/en/stable/lock_files

packages:
- completed:
    hackage: waterfall-cad-0.5.0.0@sha256:c62068c5d87ef0d760ea65cb4b968aa110e30ea7dc52ddc57432972e0130e744,2395
    pantry-tree:
      sha256: c92d9fc265f10711c1c9f7cde7caed74c12b5143e4e1593a7f41195990a35897
      size: 2386
  original:
    hackage: waterfall-cad-0.5.0.0
- completed:
    hackage: waterfall-cad-svg-0.5.0.0@sha256:e75e01dd463eb376d677e5e816f9433d9aa821f80cc37cddf4e6e4eaa90f18df,1648
    pantry-tree:
      sha256: d49ee39440ed37470a0203996a26fa5241512e5963eb60686b475e7722571852
      size: 459
  original:
    hackage: waterfall-cad-svg-0.5.0.0
- completed:
    hackage: opencascade-hs-0.5.0.0@sha256:c4077ef1638119d56bb49756cd4c42cddb3f2777b7b5e78c03d1949b4f98bbbe,15489
    pantry-tree:
      sha256: 1ade9e71c00641029fb0cbeb919808f13937baf0900c12c0c0873f601d5183d5
      size: 28645
  original:
    hackage: opencascade-hs-0.5.0.0
snapshots:
- completed:
    sha256: 925e1bf884fd7a1ed2bfca9a041bed96fba51be6148cfa9fc4a590e218c2e483
    size: 683820
    url: https://raw.githubusercontent.com/commercialhaskell/stackage-snapshots/master/lts/23/16.yaml
  original:
    url: https://raw.githubusercontent.com/commercialhaskell/stackage-snapshots/master/lts/23/16.yaml
